github.com/pierrec/lz4/v4 v4.1.25 h1:kocOqRffaIbU5djlIBr7Wh+cx82C0vtFb0fOurZHqD0=
github.com/pierrec/lz4/v4 v4.1.25/go.mod h1:EoQMVJgeeEOMsCqCzqFm2O0cJvljX2nGZjcRIPL34O4=
github.com/woozymasta/bcn v0.1.5 h1:MLhhmEY5Fsju4Ty7Y8x3KqRpGLmoy8yOXTTYuuQ05oM=
github.com/woozymasta/bcn v0.1.5/go.mod h1:cxN8xsxZ2JiJLoduPifkXAcsTzRF28lP1/mChSxttnI=
